// !$*UTF8*$!
{
	archiveVersion = 1;
	classes = {
	};
	objectVersion = 46;
	objects = {

/* Begin PBXBuildFile section */
		435AFA1D1D3EA3A5008C2035 /* AppDelegate.swift in Sources */ = {isa = PBXBuildFile; fileRef = 435AFA1C1D3EA3A5008C2035 /* AppDelegate.swift */; };
		435AFA1F1D3EA3A5008C2035 /* ViewController.swift in Sources */ = {isa = PBXBuildFile; fileRef = 435AFA1E1D3EA3A5008C2035 /* ViewController.swift */; };
		435AFA221D3EA3A5008C2035 /* Main.storyboard in Resources */ = {isa = PBXBuildFile; fileRef = 435AFA201D3EA3A5008C2035 /* Main.storyboard */; };
		435AFA241D3EA3A5008C2035 /* Assets.xcassets in Resources */ = {isa = PBXBuildFile; fileRef = 435AFA231D3EA3A5008C2035 /* Assets.xcassets */; };
		435AFA271D3EA3A5008C2035 /* LaunchScreen.storyboard in Resources */ = {isa = PBXBuildFile; fileRef = 435AFA251D3EA3A5008C2035 /* LaunchScreen.storyboard */; };
		435AFA311D3EA426008C2035 /* GraphView.swift in Sources */ = {isa = PBXBuildFile; fileRef = 435AFA301D3EA426008C2035 /* GraphView.swift */; };
/* End PBXBuildFile section */

/* Begin PBXFileReference section */
		435AFA191D3EA3A5008C2035 /* Pedometer.app */ = {isa = PBXFileReference; explicitFileType = wrapper.application; includeInIndex = 0; path = Pedometer.app; sourceTree = BUILT_PRODUCTS_DIR; };
		435AFA1C1D3EA3A5008C2035 /* AppDelegate.swift */ = {isa = PBXFileReference; lastKnownFileType = sourcecode.swift; path = AppDelegate.swift; sourceTree = "<group>"; };
		435AFA1E1D3EA3A5008C2035 /* ViewController.swift */ = {isa = PBXFileReference; lastKnownFileType = sourcecode.swift; path = ViewController.swift; sourceTree = "<group>"; };
		435AFA211D3EA3A5008C2035 /* Base */ = {isa = PBXFileReference; lastKnownFileType = file.storyboard; name = Base; path = Base.lproj/Main.storyboard; sourceTree = "<group>"; };
		435AFA231D3EA3A5008C2035 /* Assets.xcassets */ = {isa = PBXFileReference; lastKnownFileType = folder.assetcatalog; path = Assets.xcassets; sourceTree = "<group>"; };
		435AFA261D3EA3A5008C2035 /* Base */ = {isa = PBXFileReference; lastKnownFileType = file.storyboard; name = Base; path = Base.lproj/LaunchScreen.storyboard; sourceTree = "<group>"; };
		435AFA281D3EA3A5008C2035 /* Info.plist */ = {isa = PBXFileReference; lastKnownFileType = text.plist.xml; path = Info.plist; sourceTree = "<group>"; };
		435AFA301D3EA426008C2035 /* GraphView.swift */ = {isa = PBXFileReference; fileEncoding = 4; lastKnownFileType = sourcecode.swift; path = GraphView.swift; sourceTree = "<group>"; };
/* End PBXFileReference section */

/* Begin PBXFrameworksBuildPhase section */
		435AFA161D3EA3A5008C2035 /* Frameworks */ = {
			isa = PBXFrameworksBuildPhase;
			buildActionMask = 2147483647;
			files = (
			);
			runOnlyForDeploymentPostprocessing = 0;
		};
/* End PBXFrameworksBuildPhase section */

/* Begin PBXGroup section */
		435AFA101D3EA3A5008C2035 = {
			isa = PBXGroup;
			children = (
				435AFA1B1D3EA3A5008C2035 /* Pedometer */,
				435AFA1A1D3EA3A5008C2035 /* Products */,
			);
			sourceTree = "<group>";
		};
		435AFA1A1D3EA3A5008C2035 /* Products */ = {
			isa = PBXGroup;
			children = (
				435AFA191D3EA3A5008C2035 /* Pedometer.app */,
			);
			name = Products;
			sourceTree = "<group>";
		};
		435AFA1B1D3EA3A5008C2035 /* Pedometer */ = {
			isa = PBXGroup;
			children = (
				435AFA1C1D3EA3A5008C2035 /* AppDelegate.swift */,
				435AFA301D3EA426008C2035 /* GraphView.swift */,
				435AFA1E1D3EA3A5008C2035 /* ViewController.swift */,
				435AFA201D3EA3A5008C2035 /* Main.storyboard */,
				435AFA231D3EA3A5008C2035 /* Assets.xcassets */,
				435AFA251D3EA3A5008C2035 /* LaunchScreen.storyboard */,
				435AFA281D3EA3A5008C2035 /* Info.plist */,
			);
			path = Pedometer;
			sourceTree = "<group>";
		};
/* End PBXGroup section */

/* Begin PBXNativeTarget section */
		435AFA181D3EA3A5008C2035 /* Pedometer */ = {
			isa = PBXNativeTarget;
			buildConfigurationList = 435AFA2B1D3EA3A5008C2035 /* Build configuration list for PBXNativeTarget "Pedometer" */;
			buildPhases = (
				435AFA151D3EA3A5008C2035 /* Sources */,
				435AFA161D3EA3A5008C2035 /* Frameworks */,
				435AFA171D3EA3A5008C2035 /* Resources */,
			);
			buildRules = (
			);
			dependencies = (
			);
			name = Pedometer;
			productName = Pedometer;
			productReference = 435AFA191D3EA3A5008C2035 /* Pedometer.app */;
			productType = "com.apple.product-type.application";
		};
/* End PBXNativeTarget section */

/* Begin PBXProject section */
		435AFA111D3EA3A5008C2035 /* Project object */ = {
			isa = PBXProject;
			attributes = {
				LastSwiftUpdateCheck = 0730;
				LastUpgradeCheck = 0730;
				ORGANIZATIONNAME = "Carson Capper";
				TargetAttributes = {
					435AFA181D3EA3A5008C2035 = {
						CreatedOnToolsVersion = 7.3.1;
						DevelopmentTeam = 28MK7H5SR4;
					};
				};
			};
			buildConfigurationList = 435AFA141D3EA3A5008C2035 /* Build configuration list for PBXProject "Pedometer" */;
			compatibilityVersion = "Xcode 3.2";
			developmentRegion = English;
			hasScannedForEncodings = 0;
			knownRegions = (
				en,
				Base,
			);
			mainGroup = 435AFA101D3EA3A5008C2035;
			productRefGroup = 435AFA1A1D3EA3A5008C2035 /* Products */;
			projectDirPath = "";
			projectRoot = "";
			targets = (
				435AFA181D3EA3A5008C2035 /* Pedometer */,
			);
		};
/* End PBXProject section */

/* Begin PBXResourcesBuildPhase section */
		435AFA171D3EA3A5008C2035 /* Resources */ = {
			isa = PBXResourcesBuildPhase;
			buildActionMask = 2147483647;
			files = (
				435AFA271D3EA3A5008C2035 /* LaunchScreen.storyboard in Resources */,
				435AFA241D3EA3A5008C2035 /* Assets.xcassets in Resources */,
				435AFA221D3EA3A5008C2035 /* Main.storyboard in Resources */,
			);
			runOnlyForDeploymentPostprocessing = 0;
		};
/* End PBXResourcesBuildPhase section */

/* Begin PBXSourcesBuildPhase section */
		435AFA151D3EA3A5008C2035 /* Sources */ = {
			isa = PBXSourcesBuildPhase;
			buildActionMask = 2147483647;
			files = (
				435AFA1F1D3EA3A5008C2035 /* ViewController.swift in Sources */,
				435AFA311D3EA426008C2035 /* GraphView.swift in Sources */,
				435AFA1D1D3EA3A5008C2035 /* AppDelegate.swift in Sources */,
			);
			runOnlyForDeploymentPostprocessing = 0;
		};
/* End PBXSourcesBuildPhase section */

/* Begin PBXVariantGroup section */
		435AFA201D3EA3A5008C2035 /* Main.storyboard */ = {
			isa = PBXVariantGroup;
			children = (
				435AFA211D3EA3A5008C2035 /* Base */,
			);
			name = Main.storyboard;
			sourceTree = "<group>";
		};
		435AFA251D3EA3A5008C2035 /* LaunchScreen.storyboard */ = {
			isa = PBXVariantGroup;
			children = (
				435AFA261D3EA3A5008C2035 /* Base */,
			);
			name = LaunchScreen.storyboard;
			sourceTree = "<group>";
		};
/* End PBXVariantGroup section */

/* Begin XCBuildConfiguration section */
		435AFA291D3EA3A5008C2035 /* Debug */ = {
			isa = XCBuildConfiguration;
			buildSettings = {
				ALWAYS_SEARCH_USER_PATHS = NO;
				CLANG_ANALYZER_NONNULL = YES;
				CLANG_CXX_LANGUAGE_STANDARD = "gnu++0x";
				CLANG_CXX_LIBRARY = "libc++";
				CLANG_ENABLE_MODULES = YES;
				CLANG_ENABLE_OBJC_ARC = YES;
				CLANG_WARN_BOOL_CONVERSION = YES;
				CLANG_WARN_CONSTANT_CONVERSION = YES;
				CLANG_WARN_DIRECT_OBJC_ISA_USAGE = YES_ERROR;
				CLANG_WARN_EMPTY_BODY = YES;
				CLANG_WARN_ENUM_CONVERSION = YES;
				CLANG_WARN_INT_CONVERSION = YES;
				CLANG_WARN_OBJC_ROOT_CLASS = YES_ERROR;
				CLANG_WARN_UNREACHABLE_CODE = YES;
				CLANG_WARN__DUPLICATE_METHOD_MATCH = YES;
				"CODE_SIGN_IDENTITY[sdk=iphoneos*]" = "iPhone Developer";
				COPY_PHASE_STRIP = NO;
				DEBUG_INFORMATION_FORMAT = dwarf;
				ENABLE_STRICT_OBJC_MSGSEND = YES;
				ENABLE_TESTABILITY = YES;
				GCC_C_LANGUAGE_STANDARD = gnu99;
				GCC_DYNAMIC_NO_PIC = NO;
				GCC_NO_COMMON_BLOCKS = YES;
				GCC_OPTIMIZATION_LEVEL = 0;
				GCC_PREPROCESSOR_DEFINITIONS = (
					"DEBUG=1",
					"$(inherited)",
				);
				GCC_WARN_64_TO_32_BIT_CONVERSION = YES;
				GCC_WARN_ABOUT_RETURN_TYPE = YES_ERROR;
				GCC_WARN_UNDECLARED_SELECTOR = YES;
				GCC_WARN_UNINITIALIZED_AUTOS = YES_AGGRESSIVE;
				GCC_WARN_UNUSED_FUNCTION = YES;
				GCC_WARN_UNUSED_VARIABLE = YES;
				IPHONEOS_DEPLOYMENT_TARGET = 9.3;
				MTL_ENABLE_DEBUG_INFO = YES;
				ONLY_ACTIVE_ARCH = YES;
				SDKROOT = iphoneos;
				SWIFT_OPTIMIZATION_LEVEL = "-Onone";
				TARGETED_DEVICE_FAMILY = "1,2";
			};
			name = Debug;
		};
		435AFA2A1D3EA3A5008C2035 /* Release */ = {
			isa = XCBuildConfiguration;
			buildSettings = {
				ALWAYS_SEARCH_USER_PATHS = NO;
				CLANG_ANALYZER_NONNULL = YES;
				CLANG_CXX_LANGUAGE_STANDARD = "gnu++0x";
				CLANG_CXX_LIBRARY = "libc++";
				CLANG_ENABLE_MODULES = YES;
				CLANG_ENABLE_OBJC_ARC = YES;
				CLANG_WARN_BOOL_CONVERSION = YES;
				CLANG_WARN_CONSTANT_CONVERSION = YES;
				CLANG_WARN_DIRECT_OBJC_ISA_USAGE = YES_ERROR;
				CLANG_WARN_EMPTY_BODY = YES;
				CLANG_WARN_ENUM_CONVERSION = YES;
				CLANG_WARN_INT_CONVERSION = YES;
				CLANG_WARN_OBJC_ROOT_CLASS = YES_ERROR;
				CLANG_WARN_UNREACHABLE_CODE = YES;
				CLANG_WARN__DUPLICATE_METHOD_MATCH = YES;
				"CODE_SIGN_IDENTITY[sdk=iphoneos*]" = "iPhone Developer";
				COPY_PHASE_STRIP = NO;
				DEBUG_INFORMATION_FORMAT = "dwarf-with-dsym";
				ENABLE_NS_ASSERTIONS = NO;
				ENABLE_STRICT_OBJC_MSGSEND = YES;
				GCC_C_LANGUAGE_STANDARD = gnu99;
				GCC_NO_COMMON_BLOCKS = YES;
				GCC_WARN_64_TO_32_BIT_CONVERSION = YES;
				GCC_WARN_ABOUT_RETURN_TYPE = YES_ERROR;
				GCC_WARN_UNDECLARED_SELECTOR = YES;
				GCC_WARN_UNINITIALIZED_AUTOS = YES_AGGRESSIVE;
				GCC_WARN_UNUSED_FUNCTION = YES;
				GCC_WARN_UNUSED_VARIABLE = YES;
				IPHONEOS_DEPLOYMENT_TARGET = 9.3;
				MTL_ENABLE_DEBUG_INFO = NO;
				SDKROOT = iphoneos;
				TARGETED_DEVICE_FAMILY = "1,2";
				VALIDATE_PRODUCT = YES;
			};
			name = Release;
		};
		435AFA2C1D3EA3A5008C2035 /* Debug */ = {
			isa = XCBuildConfiguration;
			buildSettings = {
				ASSETCATALOG_COMPILER_APPICON_NAME = AppIcon;
				CODE_SIGN_IDENTITY = "iPhone Developer";
				"CODE_SIGN_IDENTITY[sdk=iphoneos*]" = "iPhone Developer";
				INFOPLIST_FILE = Pedometer/Info.plist;
				LD_RUNPATH_SEARCH_PATHS = "$(inherited) @executable_path/Frameworks";
				PRODUCT_BUNDLE_IDENTIFIER = orgID.Pedometer;
				PRODUCT_NAME = "$(TARGET_NAME)";
				PROVISIONING_PROFILE = "";
			};
			name = Debug;
		};
		435AFA2D1D3EA3A5008C2035 /* Release */ = {
			isa = XCBuildConfiguration;
			buildSettings = {
				ASSETCATALOG_COMPILER_APPICON_NAME = AppIcon;
				CODE_SIGN_IDENTITY = "iPhone Developer";
				"CODE_SIGN_IDENTITY[sdk=iphoneos*]" = "iPhone Developer";
				INFOPLIST_FILE = Pedometer/Info.plist;
				LD_RUNPATH_SEARCH_PATHS = "$(inherited) @executable_path/Frameworks";
				PRODUCT_BUNDLE_IDENTIFIER = orgID.Pedometer;
				PRODUCT_NAME = "$(TARGET_NAME)";
				PROVISIONING_PROFILE = "";
			};
			name = Release;
		};
/* End XCBuildConfiguration section */

/* Begin XCConfigurationList section */
		435AFA141D3EA3A5008C2035 /* Build configuration list for PBXProject "Pedometer" */ = {
			isa = XCConfigurationList;
			buildConfigurations = (
				435AFA291D3EA3A5008C2035 /* Debug */,
				435AFA2A1D3EA3A5008C2035 /* Release */,
			);
			defaultConfigurationIsVisible = 0;
			defaultConfigurationName = Release;
		};
		435AFA2B1D3EA3A5008C2035 /* Build configuration list for PBXNativeTarget "Pedometer" */ = {
			isa = XCConfigurationList;
			buildConfigurations = (
				435AFA2C1D3EA3A5008C2035 /* Debug */,
				435AFA2D1D3EA3A5008C2035 /* Release */,
			);
			defaultConfigurationIsVisible = 0;
		};
/* End XCConfigurationList section */
	};
	rootObject = 435AFA111D3EA3A5008C2035 /* Project object */;
}
